
Microsoft Visual Studio Solution File, Format Version 12.00
# Visual Studio Version 17
VisualStudioVersion = 17.6.33815.320
MinimumVisualStudioVersion = 10.0.40219.1
Project("{9A19103F-16F7-4668-BE54-9A1E7A4F7556}") = "ConCore", "ConCore\ConCore.csproj", "{548CCD19-8458-46D2-B162-7832486B554D}"
EndProject
Project("{9A19103F-16F7-4668-BE54-9A1E7A4F7556}") = "BranchList", "BranchList\BranchList.csproj", "{61668EC3-63A6-40BB-A49B-DD1ABDC98D7C}"
EndProject
Project("{9A19103F-16F7-4668-BE54-9A1E7A4F7556}") = "ConCore.Test", "ConCore.Test\ConCore.Test.csproj", "{C1C166D9-0E7C-406F-B40F-5B14F5977A41}"
	ProjectSection(ProjectDependencies) = postProject
		{548CCD19-8458-46D2-B162-7832486B554D} = {548CCD19-8458-46D2-B162-7832486B554D}
	EndProjectSection
EndProject
Project("{9A19103F-16F7-4668-BE54-9A1E7A4F7556}") = "ConCli", "ConCli\ConCli.csproj", "{726537F9-0A15-4AE7-95D8-0832299F14AB}"
EndProject
Project("{9A19103F-16F7-4668-BE54-9A1E7A4F7556}") = "ConLine", "ConLine\ConLine.csproj", "{59D8BE17-BC09-4864-917E-7C06620E9117}"
	ProjectSection(ProjectDependencies) = postProject
		{E1D64B87-EF02-4968-8D27-076AD01424B1} = {E1D64B87-EF02-4968-8D27-076AD01424B1}
	EndProjectSection
EndProject
Project("{9A19103F-16F7-4668-BE54-9A1E7A4F7556}") = "ConDI", "ConDI\ConDI.csproj", "{E1D64B87-EF02-4968-8D27-076AD01424B1}"
EndProject
Project("{9A19103F-16F7-4668-BE54-9A1E7A4F7556}") = "ConDI.Test", "ConDI.Test\ConDI.Test.csproj", "{804AB38C-1E26-4285-B54F-EDC3B0A2E304}"
EndProject
Global
	GlobalSection(SolutionConfigurationPlatforms) = preSolution
		Debug|Any CPU = Debug|Any CPU
		Release|Any CPU = Release|Any CPU
	EndGlobalSection
	GlobalSection(ProjectConfigurationPlatforms) = postSolution
		{548CCD19-8458-46D2-B162-7832486B554D}.Debug|Any CPU.ActiveCfg = Debug|Any CPU
		{548CCD19-8458-46D2-B162-7832486B554D}.Debug|Any CPU.Build.0 = Debug|Any CPU
		{548CCD19-8458-46D2-B162-7832486B554D}.Release|Any CPU.ActiveCfg = Release|Any CPU
		{548CCD19-8458-46D2-B162-7832486B554D}.Release|Any CPU.Build.0 = Release|Any CPU
		{61668EC3-63A6-40BB-A49B-DD1ABDC98D7C}.Debug|Any CPU.ActiveCfg = Debug|Any CPU
		{61668EC3-63A6-40BB-A49B-DD1ABDC98D7C}.Debug|Any CPU.Build.0 = Debug|Any CPU
		{61668EC3-63A6-40BB-A49B-DD1ABDC98D7C}.Release|Any CPU.ActiveCfg = Release|Any CPU
		{61668EC3-63A6-40BB-A49B-DD1ABDC98D7C}.Release|Any CPU.Build.0 = Release|Any CPU
		{C1C166D9-0E7C-406F-B40F-5B14F5977A41}.Debug|Any CPU.ActiveCfg = Debug|Any CPU
		{C1C166D9-0E7C-406F-B40F-5B14F5977A41}.Debug|Any CPU.Build.0 = Debug|Any CPU
		{C1C166D9-0E7C-406F-B40F-5B14F5977A41}.Release|Any CPU.ActiveCfg = Release|Any CPU
		{C1C166D9-0E7C-406F-B40F-5B14F5977A41}.Release|Any CPU.Build.0 = Release|Any CPU
		{726537F9-0A15-4AE7-95D8-0832299F14AB}.Debug|Any CPU.ActiveCfg = Debug|Any CPU
		{726537F9-0A15-4AE7-95D8-0832299F14AB}.Debug|Any CPU.Build.0 = Debug|Any CPU
		{726537F9-0A15-4AE7-95D8-0832299F14AB}.Release|Any CPU.ActiveCfg = Release|Any CPU
		{726537F9-0A15-4AE7-95D8-0832299F14AB}.Release|Any CPU.Build.0 = Release|Any CPU
		{59D8BE17-BC09-4864-917E-7C06620E9117}.Debug|Any CPU.ActiveCfg = Debug|Any CPU
		{59D8BE17-BC09-4864-917E-7C06620E9117}.Debug|Any CPU.Build.0 = Debug|Any CPU
		{59D8BE17-BC09-4864-917E-7C06620E9117}.Release|Any CPU.ActiveCfg = Release|Any CPU
		{59D8BE17-BC09-4864-917E-7C06620E9117}.Release|Any CPU.Build.0 = Release|Any CPU
		{E1D64B87-EF02-4968-8D27-076AD01424B1}.Debug|Any CPU.ActiveCfg = Debug|Any CPU
		{E1D64B87-EF02-4968-8D27-076AD01424B1}.Debug|Any CPU.Build.0 = Debug|Any CPU
		{E1D64B87-EF02-4968-8D27-076AD01424B1}.Release|Any CPU.ActiveCfg = Release|Any CPU
		{E1D64B87-EF02-4968-8D27-076AD01424B1}.Release|Any CPU.Build.0 = Release|Any CPU
		{804AB38C-1E26-4285-B54F-EDC3B0A2E304}.Debug|Any CPU.ActiveCfg = Debug|Any CPU
		{804AB38C-1E26-4285-B54F-EDC3B0A2E304}.Debug|Any CPU.Build.0 = Debug|Any CPU
		{804AB38C-1E26-4285-B54F-EDC3B0A2E304}.Release|Any CPU.ActiveCfg = Release|Any CPU
		{804AB38C-1E26-4285-B54F-EDC3B0A2E304}.Release|Any CPU.Build.0 = Release|Any CPU
	EndGlobalSection
	GlobalSection(SolutionProperties) = preSolution
		HideSolutionNode = FALSE
	EndGlobalSection
	GlobalSection(ExtensibilityGlobals) = postSolution
		SolutionGuid = {4898C687-3EF4-42CF-A716-092C55CF5B04}
	EndGlobalSection
EndGlobal
